
Microsoft Visual Studio Solution File, Format Version 12.00
# Visual Studio 15
VisualStudioVersion = 15.0.28307.779
MinimumVisualStudioVersion = 10.0.40219.1
Project("{FAE04EC0-301F-11D3-BF4B-00C04F79EFBC}") = "ConsoleApp36", "ConsoleApp36\ConsoleApp36.csproj", "{C5381C1F-4ECE-4600-8873-D7179C9EB7F5}"
EndProject
Project("{FAE04EC0-301F-11D3-BF4B-00C04F79EFBC}") = "ConsoleApp37", "ConsoleApp37\ConsoleApp37.csproj", "{005C72B7-DAD9-45BB-B32F-5D6217ACC413}"
EndProject
Global
	GlobalSection(SolutionConfigurationPlatforms) = preSolution
		Debug|Any CPU = Debug|Any CPU
		Release|Any CPU = Release|Any CPU
	EndGlobalSection
	GlobalSection(ProjectConfigurationPlatforms) = postSolution
		{C5381C1F-4ECE-4600-8873-D7179C9EB7F5}.Debug|Any CPU.ActiveCfg = Debug|Any CPU
		{C5381C1F-4ECE-4600-8873-D7179C9EB7F5}.Debug|Any CPU.Build.0 = Debug|Any CPU
		{C5381C1F-4ECE-4600-8873-D7179C9EB7F5}.Release|Any CPU.ActiveCfg = Release|Any CPU
		{C5381C1F-4ECE-4600-8873-D7179C9EB7F5}.Release|Any CPU.Build.0 = Release|Any CPU
		{005C72B7-DAD9-45BB-B32F-5D6217ACC413}.Debug|Any CPU.ActiveCfg = Debug|Any CPU
		{005C72B7-DAD9-45BB-B32F-5D6217ACC413}.Debug|Any CPU.Build.0 = Debug|Any CPU
		{005C72B7-DAD9-45BB-B32F-5D6217ACC413}.Release|Any CPU.ActiveCfg = Release|Any CPU
		{005C72B7-DAD9-45BB-B32F-5D6217ACC413}.Release|Any CPU.Build.0 = Release|Any CPU
	EndGlobalSection
	GlobalSection(SolutionProperties) = preSolution
		HideSolutionNode = FALSE
	EndGlobalSection
	GlobalSection(ExtensibilityGlobals) = postSolution
		SolutionGuid = {3A6B1489-426E-4909-9776-4B6CC1974F73}
	EndGlobalSection
EndGlobal
